
Microsoft Visual Studio Solution File, Format Version 12.00
# Visual Studio Version 17
VisualStudioVersion = 17.5.33516.290
MinimumVisualStudioVersion = 10.0.40219.1
Project("{9A19103F-16F7-4668-BE54-9A1E7A4F7556}") = "CrmCorner", "CrmCorner\CrmCorner.csproj", "{D5B6EDD5-49E9-4BCB-8405-8D6B1D69F683}"
EndProject
Global
	GlobalSection(SolutionConfigurationPlatforms) = preSolution
		Debug|Any CPU = Debug|Any CPU
		Release|Any CPU = Release|Any CPU
	EndGlobalSection
	GlobalSection(ProjectConfigurationPlatforms) = postSolution
		{D5B6EDD5-49E9-4BCB-8405-8D6B1D69F683}.Debug|Any CPU.ActiveCfg = Debug|Any CPU
		{D5B6EDD5-49E9-4BCB-8405-8D6B1D69F683}.Debug|Any CPU.Build.0 = Debug|Any CPU
		{D5B6EDD5-49E9-4BCB-8405-8D6B1D69F683}.Release|Any CPU.ActiveCfg = Release|Any CPU
		{D5B6EDD5-49E9-4BCB-8405-8D6B1D69F683}.Release|Any CPU.Build.0 = Release|Any CPU
	EndGlobalSection
	GlobalSection(SolutionProperties) = preSolution
		HideSolutionNode = FALSE
	EndGlobalSection
	GlobalSection(ExtensibilityGlobals) = postSolution
		SolutionGuid = {E8EE0F69-44CA-4B15-8F8A-EC975E7DD4D4}
	EndGlobalSection
EndGlobal
